
Microsoft Visual Studio Solution File, Format Version 12.00
# Visual Studio 15
VisualStudioVersion = 15.0.28307.329
MinimumVisualStudioVersion = 10.0.40219.1
Project("{FAE04EC0-301F-11D3-BF4B-00C04F79EFBC}") = "Denno_Parts_View.Android", "Denno_Parts_View\Denno_Parts_View.Android\Denno_Parts_View.Android.csproj", "{7ED31790-CB07-4EF8-A459-AAB3FFE9D338}"
EndProject
Project("{FAE04EC0-301F-11D3-BF4B-00C04F79EFBC}") = "Denno_Parts_View", "Denno_Parts_View\Denno_Parts_View\Denno_Parts_View.csproj", "{852D8B8A-86E5-4231-8539-5FB777492FC1}"
EndProject
Global
	GlobalSection(SolutionConfigurationPlatforms) = preSolution
		Debug|Any CPU = Debug|Any CPU
		Release|Any CPU = Release|Any CPU
	EndGlobalSection
	GlobalSection(ProjectConfigurationPlatforms) = postSolution
		{7ED31790-CB07-4EF8-A459-AAB3FFE9D338}.Debug|Any CPU.ActiveCfg = Debug|Any CPU
		{7ED31790-CB07-4EF8-A459-AAB3FFE9D338}.Debug|Any CPU.Build.0 = Debug|Any CPU
		{7ED31790-CB07-4EF8-A459-AAB3FFE9D338}.Debug|Any CPU.Deploy.0 = Debug|Any CPU
		{7ED31790-CB07-4EF8-A459-AAB3FFE9D338}.Release|Any CPU.ActiveCfg = Release|Any CPU
		{7ED31790-CB07-4EF8-A459-AAB3FFE9D338}.Release|Any CPU.Build.0 = Release|Any CPU
		{7ED31790-CB07-4EF8-A459-AAB3FFE9D338}.Release|Any CPU.Deploy.0 = Release|Any CPU
		{852D8B8A-86E5-4231-8539-5FB777492FC1}.Debug|Any CPU.ActiveCfg = Debug|Any CPU
		{852D8B8A-86E5-4231-8539-5FB777492FC1}.Debug|Any CPU.Build.0 = Debug|Any CPU
		{852D8B8A-86E5-4231-8539-5FB777492FC1}.Debug|Any CPU.Deploy.0 = Debug|Any CPU
		{852D8B8A-86E5-4231-8539-5FB777492FC1}.Release|Any CPU.ActiveCfg = Release|Any CPU
		{852D8B8A-86E5-4231-8539-5FB777492FC1}.Release|Any CPU.Build.0 = Release|Any CPU
		{852D8B8A-86E5-4231-8539-5FB777492FC1}.Release|Any CPU.Deploy.0 = Release|Any CPU
	EndGlobalSection
	GlobalSection(SolutionProperties) = preSolution
		HideSolutionNode = FALSE
	EndGlobalSection
	GlobalSection(ExtensibilityGlobals) = postSolution
		SolutionGuid = {C5C56038-32AE-462A-B957-E58593DC6433}
	EndGlobalSection
EndGlobal
